
Microsoft Visual Studio Solution File, Format Version 12.00
# Visual Studio Version 16
VisualStudioVersion = 16.0.29613.14
MinimumVisualStudioVersion = 10.0.40219.1
Project("{9A19103F-16F7-4668-BE54-9A1E7A4F7556}") = "UnitTest", "test\UnitTest\UnitTest.csproj", "{91851135-0E0C-4B39-A057-DE8A510BA98F}"
EndProject
Project("{9A19103F-16F7-4668-BE54-9A1E7A4F7556}") = "SharpCV.Examples", "src\SharpCV.Examples\SharpCV.Examples.csproj", "{116F9A46-51E1-44D5-B780-15CE5458C5D7}"
EndProject
Project("{9A19103F-16F7-4668-BE54-9A1E7A4F7556}") = "SharpCV", "src\SharpCV\SharpCV.csproj", "{3EACFB88-65CC-43A4-B21A-949475694341}"
EndProject
Global
	GlobalSection(SolutionConfigurationPlatforms) = preSolution
		Debug|Any CPU = Debug|Any CPU
		Debug|x64 = Debug|x64
		Debug-Minimal|Any CPU = Debug-Minimal|Any CPU
		Debug-Minimal|x64 = Debug-Minimal|x64
		Publish|Any CPU = Publish|Any CPU
		Publish|x64 = Publish|x64
		Release|Any CPU = Release|Any CPU
		Release|x64 = Release|x64
	EndGlobalSection
	GlobalSection(ProjectConfigurationPlatforms) = postSolution
		{91851135-0E0C-4B39-A057-DE8A510BA98F}.Debug|Any CPU.ActiveCfg = Debug|Any CPU
		{91851135-0E0C-4B39-A057-DE8A510BA98F}.Debug|Any CPU.Build.0 = Debug|Any CPU
		{91851135-0E0C-4B39-A057-DE8A510BA98F}.Debug|x64.ActiveCfg = Debug|Any CPU
		{91851135-0E0C-4B39-A057-DE8A510BA98F}.Debug|x64.Build.0 = Debug|Any CPU
		{91851135-0E0C-4B39-A057-DE8A510BA98F}.Debug-Minimal|Any CPU.ActiveCfg = Debug|Any CPU
		{91851135-0E0C-4B39-A057-DE8A510BA98F}.Debug-Minimal|Any CPU.Build.0 = Debug|Any CPU
		{91851135-0E0C-4B39-A057-DE8A510BA98F}.Debug-Minimal|x64.ActiveCfg = Debug|Any CPU
		{91851135-0E0C-4B39-A057-DE8A510BA98F}.Debug-Minimal|x64.Build.0 = Debug|Any CPU
		{91851135-0E0C-4B39-A057-DE8A510BA98F}.Publish|Any CPU.ActiveCfg = Release|Any CPU
		{91851135-0E0C-4B39-A057-DE8A510BA98F}.Publish|Any CPU.Build.0 = Release|Any CPU
		{91851135-0E0C-4B39-A057-DE8A510BA98F}.Publish|x64.ActiveCfg = Release|Any CPU
		{91851135-0E0C-4B39-A057-DE8A510BA98F}.Publish|x64.Build.0 = Release|Any CPU
		{91851135-0E0C-4B39-A057-DE8A510BA98F}.Release|Any CPU.ActiveCfg = Release|Any CPU
		{91851135-0E0C-4B39-A057-DE8A510BA98F}.Release|Any CPU.Build.0 = Release|Any CPU
		{91851135-0E0C-4B39-A057-DE8A510BA98F}.Release|x64.ActiveCfg = Release|Any CPU
		{91851135-0E0C-4B39-A057-DE8A510BA98F}.Release|x64.Build.0 = Release|Any CPU
		{116F9A46-51E1-44D5-B780-15CE5458C5D7}.Debug|Any CPU.ActiveCfg = Debug|Any CPU
		{116F9A46-51E1-44D5-B780-15CE5458C5D7}.Debug|Any CPU.Build.0 = Debug|Any CPU
		{116F9A46-51E1-44D5-B780-15CE5458C5D7}.Debug|x64.ActiveCfg = Debug|Any CPU
		{116F9A46-51E1-44D5-B780-15CE5458C5D7}.Debug|x64.Build.0 = Debug|Any CPU
		{116F9A46-51E1-44D5-B780-15CE5458C5D7}.Debug-Minimal|Any CPU.ActiveCfg = Debug|Any CPU
		{116F9A46-51E1-44D5-B780-15CE5458C5D7}.Debug-Minimal|Any CPU.Build.0 = Debug|Any CPU
		{116F9A46-51E1-44D5-B780-15CE5458C5D7}.Debug-Minimal|x64.ActiveCfg = Debug|Any CPU
		{116F9A46-51E1-44D5-B780-15CE5458C5D7}.Debug-Minimal|x64.Build.0 = Debug|Any CPU
		{116F9A46-51E1-44D5-B780-15CE5458C5D7}.Publish|Any CPU.ActiveCfg = Release|Any CPU
		{116F9A46-51E1-44D5-B780-15CE5458C5D7}.Publish|Any CPU.Build.0 = Release|Any CPU
		{116F9A46-51E1-44D5-B780-15CE5458C5D7}.Publish|x64.ActiveCfg = Release|Any CPU
		{116F9A46-51E1-44D5-B780-15CE5458C5D7}.Publish|x64.Build.0 = Release|Any CPU
		{116F9A46-51E1-44D5-B780-15CE5458C5D7}.Release|Any CPU.ActiveCfg = Release|Any CPU
		{116F9A46-51E1-44D5-B780-15CE5458C5D7}.Release|Any CPU.Build.0 = Release|Any CPU
		{116F9A46-51E1-44D5-B780-15CE5458C5D7}.Release|x64.ActiveCfg = Release|Any CPU
		{116F9A46-51E1-44D5-B780-15CE5458C5D7}.Release|x64.Build.0 = Release|Any CPU
		{3EACFB88-65CC-43A4-B21A-949475694341}.Debug|Any CPU.ActiveCfg = Debug|Any CPU
		{3EACFB88-65CC-43A4-B21A-949475694341}.Debug|Any CPU.Build.0 = Debug|Any CPU
		{3EACFB88-65CC-43A4-B21A-949475694341}.Debug|x64.ActiveCfg = Debug|Any CPU
		{3EACFB88-65CC-43A4-B21A-949475694341}.Debug|x64.Build.0 = Debug|Any CPU
		{3EACFB88-65CC-43A4-B21A-949475694341}.Debug-Minimal|Any CPU.ActiveCfg = Debug|Any CPU
		{3EACFB88-65CC-43A4-B21A-949475694341}.Debug-Minimal|Any CPU.Build.0 = Debug|Any CPU
		{3EACFB88-65CC-43A4-B21A-949475694341}.Debug-Minimal|x64.ActiveCfg = Debug|Any CPU
		{3EACFB88-65CC-43A4-B21A-949475694341}.Debug-Minimal|x64.Build.0 = Debug|Any CPU
		{3EACFB88-65CC-43A4-B21A-949475694341}.Publish|Any CPU.ActiveCfg = Release|Any CPU
		{3EACFB88-65CC-43A4-B21A-949475694341}.Publish|Any CPU.Build.0 = Release|Any CPU
		{3EACFB88-65CC-43A4-B21A-949475694341}.Publish|x64.ActiveCfg = Release|Any CPU
		{3EACFB88-65CC-43A4-B21A-949475694341}.Publish|x64.Build.0 = Release|Any CPU
		{3EACFB88-65CC-43A4-B21A-949475694341}.Release|Any CPU.ActiveCfg = Release|Any CPU
		{3EACFB88-65CC-43A4-B21A-949475694341}.Release|Any CPU.Build.0 = Release|Any CPU
		{3EACFB88-65CC-43A4-B21A-949475694341}.Release|x64.ActiveCfg = Release|Any CPU
		{3EACFB88-65CC-43A4-B21A-949475694341}.Release|x64.Build.0 = Release|Any CPU
	EndGlobalSection
	GlobalSection(SolutionProperties) = preSolution
		HideSolutionNode = FALSE
	EndGlobalSection
	GlobalSection(ExtensibilityGlobals) = postSolution
		SolutionGuid = {4227A3A2-A554-4D2E-854D-5CB9F330DB72}
	EndGlobalSection
EndGlobal
